
Microsoft Visual Studio Solution File, Format Version 12.00
Project("{FAE04EC0-301F-11D3-BF4B-00C04F79EFBC}") = "Watcher", "Watcher.csproj", "{C94A26FA-E6C7-4379-A249-EE5B904E082E}"
EndProject
Global
	GlobalSection(SolutionConfigurationPlatforms) = preSolution
		Debug|Any CPU = Debug|Any CPU
		ExportDebug|Any CPU = ExportDebug|Any CPU
		ExportRelease|Any CPU = ExportRelease|Any CPU
	EndGlobalSection
	GlobalSection(ProjectConfigurationPlatforms) = postSolution
		{C94A26FA-E6C7-4379-A249-EE5B904E082E}.Debug|Any CPU.ActiveCfg = Debug|Any CPU
		{C94A26FA-E6C7-4379-A249-EE5B904E082E}.Debug|Any CPU.Build.0 = Debug|Any CPU
		{C94A26FA-E6C7-4379-A249-EE5B904E082E}.ExportDebug|Any CPU.ActiveCfg = ExportDebug|Any CPU
		{C94A26FA-E6C7-4379-A249-EE5B904E082E}.ExportDebug|Any CPU.Build.0 = ExportDebug|Any CPU
		{C94A26FA-E6C7-4379-A249-EE5B904E082E}.ExportRelease|Any CPU.ActiveCfg = ExportRelease|Any CPU
		{C94A26FA-E6C7-4379-A249-EE5B904E082E}.ExportRelease|Any CPU.Build.0 = ExportRelease|Any CPU
	EndGlobalSection
EndGlobal
